// !$*UTF8*$!
{
	archiveVersion = 1;
	classes = {
	};
	objectVersion = 56;
	objects = {

/* Begin PBXBuildFile section */
		0F0001012C00000000000001 /* CortexFleetApp.swift in Sources */ = {isa = PBXBuildFile; fileRef = 0F0002012C00000000000001 /* CortexFleetApp.swift */; };
		0F0001022C00000000000001 /* DeviceModels.swift in Sources */ = {isa = PBXBuildFile; fileRef = 0F0002022C00000000000001 /* DeviceModels.swift */; };
		0F0001032C00000000000001 /* CortexAPIClient.swift in Sources */ = {isa = PBXBuildFile; fileRef = 0F0002032C00000000000001 /* CortexAPIClient.swift */; };
		0F0001042C00000000000001 /* FleetStore.swift in Sources */ = {isa = PBXBuildFile; fileRef = 0F0002042C00000000000001 /* FleetStore.swift */; };
		0F0001052C00000000000001 /* FleetDashboardView.swift in Sources */ = {isa = PBXBuildFile; fileRef = 0F0002052C00000000000001 /* FleetDashboardView.swift */; };
		0F0001062C00000000000001 /* DeviceCardView.swift in Sources */ = {isa = PBXBuildFile; fileRef = 0F0002062C00000000000001 /* DeviceCardView.swift */; };
		0F0001072C00000000000001 /* DeviceDetailView.swift in Sources */ = {isa = PBXBuildFile; fileRef = 0F0002072C00000000000001 /* DeviceDetailView.swift */; };
		0F0001082C00000000000001 /* SettingsView.swift in Sources */ = {isa = PBXBuildFile; fileRef = 0F0002082C00000000000001 /* SettingsView.swift */; };
		0F0001092C00000000000001 /* AddSSHDeviceView.swift in Sources */ = {isa = PBXBuildFile; fileRef = 0F0002092C00000000000001 /* AddSSHDeviceView.swift */; };
		0F00010A2C00000000000001 /* Assets.xcassets in Resources */ = {isa = PBXBuildFile; fileRef = 0F00020A2C00000000000001 /* Assets.xcassets */; };
		0F00010B2C00000000000001 /* Citadel in Frameworks */ = {isa = PBXBuildFile; productRef = 0F000A012C00000000000001 /* Citadel */; };
		0F00010C2C00000000000001 /* JarvisViews.swift in Sources */ = {isa = PBXBuildFile; fileRef = 0F00020D2C00000000000001 /* JarvisViews.swift */; };
		0F0001102C00000000000001 /* DesignKit.swift in Sources */ = {isa = PBXBuildFile; fileRef = 0F0002102C00000000000001 /* DesignKit.swift */; };
		0F0001112C00000000000001 /* LLMSettings.swift in Sources */ = {isa = PBXBuildFile; fileRef = 0F0002112C00000000000001 /* LLMSettings.swift */; };
		0F0001122C00000000000001 /* LLMClient.swift in Sources */ = {isa = PBXBuildFile; fileRef = 0F0002122C00000000000001 /* LLMClient.swift */; };
		0F0001132C00000000000001 /* AppEnvironment.swift in Sources */ = {isa = PBXBuildFile; fileRef = 0F0002132C00000000000001 /* AppEnvironment.swift */; };
		0F0001142C00000000000001 /* NoteModels.swift in Sources */ = {isa = PBXBuildFile; fileRef = 0F0002142C00000000000001 /* NoteModels.swift */; };
		0F0001152C00000000000001 /* FeedModels.swift in Sources */ = {isa = PBXBuildFile; fileRef = 0F0002152C00000000000001 /* FeedModels.swift */; };
		0F0001162C00000000000001 /* NoteStore.swift in Sources */ = {isa = PBXBuildFile; fileRef = 0F0002162C00000000000001 /* NoteStore.swift */; };
		0F0001172C00000000000001 /* BridgeImporter.swift in Sources */ = {isa = PBXBuildFile; fileRef = 0F0002172C00000000000001 /* BridgeImporter.swift */; };
		0F0001182C00000000000001 /* NotesView.swift in Sources */ = {isa = PBXBuildFile; fileRef = 0F0002182C00000000000001 /* NotesView.swift */; };
		0F0001192C00000000000001 /* NoteEditorView.swift in Sources */ = {isa = PBXBuildFile; fileRef = 0F0002192C00000000000001 /* NoteEditorView.swift */; };
		0F00011A2C00000000000001 /* NetworkProbe.swift in Sources */ = {isa = PBXBuildFile; fileRef = 0F00021A2C00000000000001 /* NetworkProbe.swift */; };
		0F00011B2C00000000000001 /* SharedComponents.swift in Sources */ = {isa = PBXBuildFile; fileRef = 0F00021B2C00000000000001 /* SharedComponents.swift */; };
		0F00011C2C00000000000001 /* RSSIngestor.swift in Sources */ = {isa = PBXBuildFile; fileRef = 0F00021C2C00000000000001 /* RSSIngestor.swift */; };
		0F00011D2C00000000000001 /* GitHubRadar.swift in Sources */ = {isa = PBXBuildFile; fileRef = 0F00021D2C00000000000001 /* GitHubRadar.swift */; };
		0F00011E2C00000000000001 /* Judge.swift in Sources */ = {isa = PBXBuildFile; fileRef = 0F00021E2C00000000000001 /* Judge.swift */; };
		0F00011F2C00000000000001 /* IntelEngine.swift in Sources */ = {isa = PBXBuildFile; fileRef = 0F00021F2C00000000000001 /* IntelEngine.swift */; };
		0F0001202C00000000000001 /* OverviewView.swift in Sources */ = {isa = PBXBuildFile; fileRef = 0F0002202C00000000000001 /* OverviewView.swift */; };
		0F0001212C00000000000001 /* BriefingView.swift in Sources */ = {isa = PBXBuildFile; fileRef = 0F0002212C00000000000001 /* BriefingView.swift */; };
		0F0001222C00000000000001 /* JarvisTools.swift in Sources */ = {isa = PBXBuildFile; fileRef = 0F0002222C00000000000001 /* JarvisTools.swift */; };
		0F0001232C00000000000001 /* JarvisVoice.swift in Sources */ = {isa = PBXBuildFile; fileRef = 0F0002232C00000000000001 /* JarvisVoice.swift */; };
		0F0001242C00000000000001 /* JarvisAssistant.swift in Sources */ = {isa = PBXBuildFile; fileRef = 0F0002242C00000000000001 /* JarvisAssistant.swift */; };
		0F0001252C00000000000001 /* JarvisFloatingButton.swift in Sources */ = {isa = PBXBuildFile; fileRef = 0F0002252C00000000000001 /* JarvisFloatingButton.swift */; };
		0F0001262C00000000000001 /* JarvisNotifications.swift in Sources */ = {isa = PBXBuildFile; fileRef = 0F0002262C00000000000001 /* JarvisNotifications.swift */; };
		0F0001272C00000000000001 /* BackgroundRefresh.swift in Sources */ = {isa = PBXBuildFile; fileRef = 0F0002272C00000000000001 /* BackgroundRefresh.swift */; };
		0F0001282C00000000000001 /* JarvisIntents.swift in Sources */ = {isa = PBXBuildFile; fileRef = 0F0002282C00000000000001 /* JarvisIntents.swift */; };
		0F0001292C00000000000001 /* ScanActivityAttributes.swift in Sources */ = {isa = PBXBuildFile; fileRef = 0F0002292C00000000000001 /* ScanActivityAttributes.swift */; };
		0F00F1042C00000000000001 /* CortexFleetWidgets.swift in Sources */ = {isa = PBXBuildFile; fileRef = 0F00F0012C00000000000001 /* CortexFleetWidgets.swift */; };
		0F00F1052C00000000000001 /* ScanLiveActivity.swift in Sources */ = {isa = PBXBuildFile; fileRef = 0F00F0022C00000000000001 /* ScanLiveActivity.swift */; };
		0F00F1012C00000000000001 /* NoteModels.swift in Sources */ = {isa = PBXBuildFile; fileRef = 0F0002142C00000000000001 /* NoteModels.swift */; };
		0F00F1022C00000000000001 /* FeedModels.swift in Sources */ = {isa = PBXBuildFile; fileRef = 0F0002152C00000000000001 /* FeedModels.swift */; };
		0F00F1032C00000000000001 /* ScanActivityAttributes.swift in Sources */ = {isa = PBXBuildFile; fileRef = 0F0002292C00000000000001 /* ScanActivityAttributes.swift */; };
		0F00E00D2C00000000000001 /* CortexFleetWidgets.appex in Embed Foundation Extensions */ = {isa = PBXBuildFile; fileRef = 0F00E0022C00000000000001 /* CortexFleetWidgets.appex */; settings = {ATTRIBUTES = (RemoveHeadersOnCopy, ); }; };
		0F00012A2C00000000000001 /* SeedCatalog.swift in Sources */ = {isa = PBXBuildFile; fileRef = 0F00022A2C00000000000001 /* SeedCatalog.swift */; };
		0F00012B2C00000000000001 /* RSSHubClient.swift in Sources */ = {isa = PBXBuildFile; fileRef = 0F00022B2C00000000000001 /* RSSHubClient.swift */; };
		0F00012C2C00000000000001 /* Localizer.swift in Sources */ = {isa = PBXBuildFile; fileRef = 0F00022C2C00000000000001 /* Localizer.swift */; };
		0F00012D2C00000000000001 /* FeedDiscovery.swift in Sources */ = {isa = PBXBuildFile; fileRef = 0F00022D2C00000000000001 /* FeedDiscovery.swift */; };
		0F00012E2C00000000000001 /* ArticleDetailView.swift in Sources */ = {isa = PBXBuildFile; fileRef = 0F00022E2C00000000000001 /* ArticleDetailView.swift */; };
		0F00012F2C00000000000001 /* ShareCardTemplates.swift in Sources */ = {isa = PBXBuildFile; fileRef = 0F00022F2C00000000000001 /* ShareCardTemplates.swift */; };
		0F0001302C00000000000001 /* ShareRenderer.swift in Sources */ = {isa = PBXBuildFile; fileRef = 0F0002302C00000000000001 /* ShareRenderer.swift */; };
		0F0001312C00000000000001 /* NotebookModels.swift in Sources */ = {isa = PBXBuildFile; fileRef = 0F0002312C00000000000001 /* NotebookModels.swift */; };
		0F0001322C00000000000001 /* JinaReader.swift in Sources */ = {isa = PBXBuildFile; fileRef = 0F0002322C00000000000001 /* JinaReader.swift */; };
		0F0001332C00000000000001 /* TransformTemplates.swift in Sources */ = {isa = PBXBuildFile; fileRef = 0F0002332C00000000000001 /* TransformTemplates.swift */; };
		0F0001342C00000000000001 /* NotebookStore.swift in Sources */ = {isa = PBXBuildFile; fileRef = 0F0002342C00000000000001 /* NotebookStore.swift */; };
		0F0001352C00000000000001 /* NotebookView.swift in Sources */ = {isa = PBXBuildFile; fileRef = 0F0002352C00000000000001 /* NotebookView.swift */; };
		0F0001362C00000000000001 /* NotebookDetailView.swift in Sources */ = {isa = PBXBuildFile; fileRef = 0F0002362C00000000000001 /* NotebookDetailView.swift */; };
		0F00F1062C00000000000001 /* NotebookModels.swift in Sources */ = {isa = PBXBuildFile; fileRef = 0F0002312C00000000000001 /* NotebookModels.swift */; };
		0F0001372C00000000000001 /* OnboardingView.swift in Sources */ = {isa = PBXBuildFile; fileRef = 0F0002372C00000000000001 /* OnboardingView.swift */; };
		0F0001382C00000000000001 /* HUDKit.swift in Sources (app) */ = {isa = PBXBuildFile; fileRef = 0F00F0032C00000000000001 /* HUDKit.swift */; };
		0F00F1072C00000000000001 /* HUDKit.swift in Sources (widget) */ = {isa = PBXBuildFile; fileRef = 0F00F0032C00000000000001 /* HUDKit.swift */; };
/* End PBXBuildFile section */

/* Begin PBXCopyFilesBuildPhase section */
		0F00E00C2C00000000000001 /* Embed Foundation Extensions */ = {
			isa = PBXCopyFilesBuildPhase;
			buildActionMask = 2147483647;
			dstPath = "";
			dstSubfolderSpec = 13;
			files = (
				0F00E00D2C00000000000001 /* CortexFleetWidgets.appex in Embed Foundation Extensions */,
			);
			name = "Embed Foundation Extensions";
			runOnlyForDeploymentPostprocessing = 0;
		};
/* End PBXCopyFilesBuildPhase section */

/* Begin PBXTargetDependency section */
		0F00E00A2C00000000000001 /* PBXTargetDependency */ = {
			isa = PBXTargetDependency;
			target = 0F00E0012C00000000000001 /* CortexFleetWidgets */;
			targetProxy = 0F00E00B2C00000000000001 /* PBXContainerItemProxy */;
		};
/* End PBXTargetDependency section */

/* Begin PBXContainerItemProxy section */
		0F00E00B2C00000000000001 /* PBXContainerItemProxy */ = {
			isa = PBXContainerItemProxy;
			containerPortal = 0F0006012C00000000000001 /* Project object */;
			proxyType = 1;
			remoteGlobalIDString = 0F00E0012C00000000000001;
			remoteInfo = CortexFleetWidgets;
		};
/* End PBXContainerItemProxy section */

/* Begin PBXFileReference section */
		0F0002012C00000000000001 /* CortexFleetApp.swift */ = {isa = PBXFileReference; lastKnownFileType = sourcecode.swift; path = CortexFleetApp.swift; sourceTree = "<group>"; };
		0F0002022C00000000000001 /* DeviceModels.swift */ = {isa = PBXFileReference; lastKnownFileType = sourcecode.swift; path = DeviceModels.swift; sourceTree = "<group>"; };
		0F0002032C00000000000001 /* CortexAPIClient.swift */ = {isa = PBXFileReference; lastKnownFileType = sourcecode.swift; path = CortexAPIClient.swift; sourceTree = "<group>"; };
		0F0002042C00000000000001 /* FleetStore.swift */ = {isa = PBXFileReference; lastKnownFileType = sourcecode.swift; path = FleetStore.swift; sourceTree = "<group>"; };
		0F0002052C00000000000001 /* FleetDashboardView.swift */ = {isa = PBXFileReference; lastKnownFileType = sourcecode.swift; path = FleetDashboardView.swift; sourceTree = "<group>"; };
		0F0002062C00000000000001 /* DeviceCardView.swift */ = {isa = PBXFileReference; lastKnownFileType = sourcecode.swift; path = DeviceCardView.swift; sourceTree = "<group>"; };
		0F0002072C00000000000001 /* DeviceDetailView.swift */ = {isa = PBXFileReference; lastKnownFileType = sourcecode.swift; path = DeviceDetailView.swift; sourceTree = "<group>"; };
		0F0002082C00000000000001 /* SettingsView.swift */ = {isa = PBXFileReference; lastKnownFileType = sourcecode.swift; path = SettingsView.swift; sourceTree = "<group>"; };
		0F0002092C00000000000001 /* AddSSHDeviceView.swift */ = {isa = PBXFileReference; lastKnownFileType = sourcecode.swift; path = AddSSHDeviceView.swift; sourceTree = "<group>"; };
		0F00020A2C00000000000001 /* Assets.xcassets */ = {isa = PBXFileReference; lastKnownFileType = folder.assetcatalog; path = Assets.xcassets; sourceTree = "<group>"; };
		0F00020B2C00000000000001 /* Info.plist */ = {isa = PBXFileReference; lastKnownFileType = text.plist.xml; path = Info.plist; sourceTree = "<group>"; };
		0F00020C2C00000000000001 /* CortexFleet.app */ = {isa = PBXFileReference; explicitFileType = wrapper.application; includeInIndex = 0; path = CortexFleet.app; sourceTree = BUILT_PRODUCTS_DIR; };
		0F00020D2C00000000000001 /* JarvisViews.swift */ = {isa = PBXFileReference; lastKnownFileType = sourcecode.swift; path = JarvisViews.swift; sourceTree = "<group>"; };
		0F0002102C00000000000001 /* DesignKit.swift */ = {isa = PBXFileReference; lastKnownFileType = sourcecode.swift; path = DesignKit.swift; sourceTree = "<group>"; };
		0F0002112C00000000000001 /* LLMSettings.swift */ = {isa = PBXFileReference; lastKnownFileType = sourcecode.swift; path = LLMSettings.swift; sourceTree = "<group>"; };
		0F0002122C00000000000001 /* LLMClient.swift */ = {isa = PBXFileReference; lastKnownFileType = sourcecode.swift; path = LLMClient.swift; sourceTree = "<group>"; };
		0F0002132C00000000000001 /* AppEnvironment.swift */ = {isa = PBXFileReference; lastKnownFileType = sourcecode.swift; path = AppEnvironment.swift; sourceTree = "<group>"; };
		0F0002142C00000000000001 /* NoteModels.swift */ = {isa = PBXFileReference; lastKnownFileType = sourcecode.swift; path = NoteModels.swift; sourceTree = "<group>"; };
		0F0002152C00000000000001 /* FeedModels.swift */ = {isa = PBXFileReference; lastKnownFileType = sourcecode.swift; path = FeedModels.swift; sourceTree = "<group>"; };
		0F0002162C00000000000001 /* NoteStore.swift */ = {isa = PBXFileReference; lastKnownFileType = sourcecode.swift; path = NoteStore.swift; sourceTree = "<group>"; };
		0F0002172C00000000000001 /* BridgeImporter.swift */ = {isa = PBXFileReference; lastKnownFileType = sourcecode.swift; path = BridgeImporter.swift; sourceTree = "<group>"; };
		0F0002182C00000000000001 /* NotesView.swift */ = {isa = PBXFileReference; lastKnownFileType = sourcecode.swift; path = NotesView.swift; sourceTree = "<group>"; };
		0F0002192C00000000000001 /* NoteEditorView.swift */ = {isa = PBXFileReference; lastKnownFileType = sourcecode.swift; path = NoteEditorView.swift; sourceTree = "<group>"; };
		0F00021A2C00000000000001 /* NetworkProbe.swift */ = {isa = PBXFileReference; lastKnownFileType = sourcecode.swift; path = NetworkProbe.swift; sourceTree = "<group>"; };
		0F00021B2C00000000000001 /* SharedComponents.swift */ = {isa = PBXFileReference; lastKnownFileType = sourcecode.swift; path = SharedComponents.swift; sourceTree = "<group>"; };
		0F00021C2C00000000000001 /* RSSIngestor.swift */ = {isa = PBXFileReference; lastKnownFileType = sourcecode.swift; path = RSSIngestor.swift; sourceTree = "<group>"; };
		0F00021D2C00000000000001 /* GitHubRadar.swift */ = {isa = PBXFileReference; lastKnownFileType = sourcecode.swift; path = GitHubRadar.swift; sourceTree = "<group>"; };
		0F00021E2C00000000000001 /* Judge.swift */ = {isa = PBXFileReference; lastKnownFileType = sourcecode.swift; path = Judge.swift; sourceTree = "<group>"; };
		0F00021F2C00000000000001 /* IntelEngine.swift */ = {isa = PBXFileReference; lastKnownFileType = sourcecode.swift; path = IntelEngine.swift; sourceTree = "<group>"; };
		0F0002202C00000000000001 /* OverviewView.swift */ = {isa = PBXFileReference; lastKnownFileType = sourcecode.swift; path = OverviewView.swift; sourceTree = "<group>"; };
		0F0002212C00000000000001 /* BriefingView.swift */ = {isa = PBXFileReference; lastKnownFileType = sourcecode.swift; path = BriefingView.swift; sourceTree = "<group>"; };
		0F0002222C00000000000001 /* JarvisTools.swift */ = {isa = PBXFileReference; lastKnownFileType = sourcecode.swift; path = JarvisTools.swift; sourceTree = "<group>"; };
		0F0002232C00000000000001 /* JarvisVoice.swift */ = {isa = PBXFileReference; lastKnownFileType = sourcecode.swift; path = JarvisVoice.swift; sourceTree = "<group>"; };
		0F0002242C00000000000001 /* JarvisAssistant.swift */ = {isa = PBXFileReference; lastKnownFileType = sourcecode.swift; path = JarvisAssistant.swift; sourceTree = "<group>"; };
		0F0002252C00000000000001 /* JarvisFloatingButton.swift */ = {isa = PBXFileReference; lastKnownFileType = sourcecode.swift; path = JarvisFloatingButton.swift; sourceTree = "<group>"; };
		0F0002262C00000000000001 /* JarvisNotifications.swift */ = {isa = PBXFileReference; lastKnownFileType = sourcecode.swift; path = JarvisNotifications.swift; sourceTree = "<group>"; };
		0F0002272C00000000000001 /* BackgroundRefresh.swift */ = {isa = PBXFileReference; lastKnownFileType = sourcecode.swift; path = BackgroundRefresh.swift; sourceTree = "<group>"; };
		0F0002282C00000000000001 /* JarvisIntents.swift */ = {isa = PBXFileReference; lastKnownFileType = sourcecode.swift; path = JarvisIntents.swift; sourceTree = "<group>"; };
		0F0002292C00000000000001 /* ScanActivityAttributes.swift */ = {isa = PBXFileReference; lastKnownFileType = sourcecode.swift; path = ScanActivityAttributes.swift; sourceTree = "<group>"; };
		0F00F0012C00000000000001 /* CortexFleetWidgets.swift */ = {isa = PBXFileReference; lastKnownFileType = sourcecode.swift; path = CortexFleetWidgets.swift; sourceTree = "<group>"; };
		0F00F0022C00000000000001 /* ScanLiveActivity.swift */ = {isa = PBXFileReference; lastKnownFileType = sourcecode.swift; path = ScanLiveActivity.swift; sourceTree = "<group>"; };
		0F00E0022C00000000000001 /* CortexFleetWidgets.appex */ = {isa = PBXFileReference; explicitFileType = "wrapper.app-extension"; includeInIndex = 0; path = CortexFleetWidgets.appex; sourceTree = BUILT_PRODUCTS_DIR; };
		0F00F0032C00000000000001 /* Info.plist */ = {isa = PBXFileReference; lastKnownFileType = text.plist.xml; path = Info.plist; sourceTree = "<group>"; };
		0F00F0042C00000000000001 /* CortexFleetWidgets.entitlements */ = {isa = PBXFileReference; lastKnownFileType = text.plist.entitlements; path = CortexFleetWidgets.entitlements; sourceTree = "<group>"; };
		0F00022A2C00000000000001 /* SeedCatalog.swift */ = {isa = PBXFileReference; lastKnownFileType = sourcecode.swift; path = SeedCatalog.swift; sourceTree = "<group>"; };
		0F00022B2C00000000000001 /* RSSHubClient.swift */ = {isa = PBXFileReference; lastKnownFileType = sourcecode.swift; path = RSSHubClient.swift; sourceTree = "<group>"; };
		0F00022C2C00000000000001 /* Localizer.swift */ = {isa = PBXFileReference; lastKnownFileType = sourcecode.swift; path = Localizer.swift; sourceTree = "<group>"; };
		0F00022D2C00000000000001 /* FeedDiscovery.swift */ = {isa = PBXFileReference; lastKnownFileType = sourcecode.swift; path = FeedDiscovery.swift; sourceTree = "<group>"; };
		0F00022E2C00000000000001 /* ArticleDetailView.swift */ = {isa = PBXFileReference; lastKnownFileType = sourcecode.swift; path = ArticleDetailView.swift; sourceTree = "<group>"; };
		0F00022F2C00000000000001 /* ShareCardTemplates.swift */ = {isa = PBXFileReference; lastKnownFileType = sourcecode.swift; path = ShareCardTemplates.swift; sourceTree = "<group>"; };
		0F0002302C00000000000001 /* ShareRenderer.swift */ = {isa = PBXFileReference; lastKnownFileType = sourcecode.swift; path = ShareRenderer.swift; sourceTree = "<group>"; };
		0F0002312C00000000000001 /* NotebookModels.swift */ = {isa = PBXFileReference; lastKnownFileType = sourcecode.swift; path = NotebookModels.swift; sourceTree = "<group>"; };
		0F0002322C00000000000001 /* JinaReader.swift */ = {isa = PBXFileReference; lastKnownFileType = sourcecode.swift; path = JinaReader.swift; sourceTree = "<group>"; };
		0F0002332C00000000000001 /* TransformTemplates.swift */ = {isa = PBXFileReference; lastKnownFileType = sourcecode.swift; path = TransformTemplates.swift; sourceTree = "<group>"; };
		0F0002342C00000000000001 /* NotebookStore.swift */ = {isa = PBXFileReference; lastKnownFileType = sourcecode.swift; path = NotebookStore.swift; sourceTree = "<group>"; };
		0F0002352C00000000000001 /* NotebookView.swift */ = {isa = PBXFileReference; lastKnownFileType = sourcecode.swift; path = NotebookView.swift; sourceTree = "<group>"; };
		0F0002362C00000000000001 /* NotebookDetailView.swift */ = {isa = PBXFileReference; lastKnownFileType = sourcecode.swift; path = NotebookDetailView.swift; sourceTree = "<group>"; };
		0F0002372C00000000000001 /* OnboardingView.swift */ = {isa = PBXFileReference; lastKnownFileType = sourcecode.swift; path = OnboardingView.swift; sourceTree = "<group>"; };
		0F00F0032C00000000000001 /* HUDKit.swift */ = {isa = PBXFileReference; lastKnownFileType = sourcecode.swift; path = HUDKit.swift; sourceTree = "<group>"; };
/* End PBXFileReference section */

/* Begin PBXFrameworksBuildPhase section */
		0F00E0042C00000000000001 /* Frameworks */ = {
			isa = PBXFrameworksBuildPhase;
			buildActionMask = 2147483647;
			files = (
			);
			runOnlyForDeploymentPostprocessing = 0;
		};
		0F0003012C00000000000001 /* Frameworks */ = {
			isa = PBXFrameworksBuildPhase;
			buildActionMask = 2147483647;
			files = (
				0F00010B2C00000000000001 /* Citadel in Frameworks */,
			);
			runOnlyForDeploymentPostprocessing = 0;
		};
/* End PBXFrameworksBuildPhase section */

/* Begin PBXGroup section */
		0F0004012C00000000000001 = {
			isa = PBXGroup;
			children = (
				0F0004022C00000000000001 /* CortexFleet */,
				0F0004032C00000000000001 /* Products */,
				0F00E0062C00000000000001 /* CortexFleetWidgets */,
			);
			sourceTree = "<group>";
		};
		0F0004022C00000000000001 /* CortexFleet */ = {
			isa = PBXGroup;
			children = (
				0F0002012C00000000000001 /* CortexFleetApp.swift */,
				0F0004092C00000000000001 /* Core */,
				0F00040A2C00000000000001 /* Sources */,
				0F00040B2C00000000000001 /* Notes */,
				0F00040C2C00000000000001 /* System */,
				0F00040D2C00000000000001 /* Jarvis */,
				0F00040E2C00000000000001 /* Share */,
				0F00040F2C00000000000001 /* Notebook */,
				0F0004042C00000000000001 /* Models */,
				0F0004052C00000000000001 /* Services */,
				0F0004062C00000000000001 /* Store */,
				0F0004072C00000000000001 /* Views */,
				0F0004082C00000000000001 /* Resources */,
				0F00020B2C00000000000001 /* Info.plist */,
			);
			path = CortexFleet;
			sourceTree = "<group>";
		};
		0F0004032C00000000000001 /* Products */ = {
			isa = PBXGroup;
			children = (
				0F00020C2C00000000000001 /* CortexFleet.app */,
				0F00E0022C00000000000001 /* CortexFleetWidgets.appex */,
			);
			name = Products;
			sourceTree = "<group>";
		};
		0F0004042C00000000000001 /* Models */ = {
			isa = PBXGroup;
			children = (
				0F0002022C00000000000001 /* DeviceModels.swift */,
			);
			path = Models;
			sourceTree = "<group>";
		};
		0F0004052C00000000000001 /* Services */ = {
			isa = PBXGroup;
			children = (
				0F0002032C00000000000001 /* CortexAPIClient.swift */,
			);
			path = Services;
			sourceTree = "<group>";
		};
		0F0004062C00000000000001 /* Store */ = {
			isa = PBXGroup;
			children = (
				0F0002042C00000000000001 /* FleetStore.swift */,
			);
			path = Store;
			sourceTree = "<group>";
		};
		0F0004072C00000000000001 /* Views */ = {
			isa = PBXGroup;
			children = (
				0F0002052C00000000000001 /* FleetDashboardView.swift */,
				0F0002062C00000000000001 /* DeviceCardView.swift */,
				0F0002072C00000000000001 /* DeviceDetailView.swift */,
				0F0002082C00000000000001 /* SettingsView.swift */,
				0F0002092C00000000000001 /* AddSSHDeviceView.swift */,
				0F00020D2C00000000000001 /* JarvisViews.swift */,
				0F0002102C00000000000001 /* DesignKit.swift */,
				0F00021B2C00000000000001 /* SharedComponents.swift */,
				0F0002202C00000000000001 /* OverviewView.swift */,
				0F00022E2C00000000000001 /* ArticleDetailView.swift */,
				0F0002352C00000000000001 /* NotebookView.swift */,
				0F0002362C00000000000001 /* NotebookDetailView.swift */,
				0F0002372C00000000000001 /* OnboardingView.swift */,
				0F0002212C00000000000001 /* BriefingView.swift */,
				0F0002182C00000000000001 /* NotesView.swift */,
				0F0002192C00000000000001 /* NoteEditorView.swift */,
			);
			path = Views;
			sourceTree = "<group>";
		};
		0F0004082C00000000000001 /* Resources */ = {
			isa = PBXGroup;
			children = (
				0F00020A2C00000000000001 /* Assets.xcassets */,
			);
			path = Resources;
			sourceTree = "<group>";
		};
		0F0004092C00000000000001 /* Core */ = {
			isa = PBXGroup;
			children = (
				0F0002132C00000000000001 /* AppEnvironment.swift */,
				0F0002112C00000000000001 /* LLMSettings.swift */,
				0F0002122C00000000000001 /* LLMClient.swift */,
			);
			path = Core;
			sourceTree = "<group>";
		};
		0F00040A2C00000000000001 /* Sources */ = {
			isa = PBXGroup;
			children = (
				0F0002152C00000000000001 /* FeedModels.swift */,
				0F00021C2C00000000000001 /* RSSIngestor.swift */,
				0F00021D2C00000000000001 /* GitHubRadar.swift */,
				0F00021E2C00000000000001 /* Judge.swift */,
				0F00021F2C00000000000001 /* IntelEngine.swift */,
				0F00022A2C00000000000001 /* SeedCatalog.swift */,
				0F00022B2C00000000000001 /* RSSHubClient.swift */,
				0F00022C2C00000000000001 /* Localizer.swift */,
				0F00022D2C00000000000001 /* FeedDiscovery.swift */,
			);
			path = Sources;
			sourceTree = "<group>";
		};
		0F00040B2C00000000000001 /* Notes */ = {
			isa = PBXGroup;
			children = (
				0F0002142C00000000000001 /* NoteModels.swift */,
				0F0002162C00000000000001 /* NoteStore.swift */,
				0F0002172C00000000000001 /* BridgeImporter.swift */,
			);
			path = Notes;
			sourceTree = "<group>";
		};
		0F00040C2C00000000000001 /* System */ = {
			isa = PBXGroup;
			children = (
				0F00021A2C00000000000001 /* NetworkProbe.swift */,
				0F0002262C00000000000001 /* JarvisNotifications.swift */,
				0F0002272C00000000000001 /* BackgroundRefresh.swift */,
				0F0002282C00000000000001 /* JarvisIntents.swift */,
				0F0002292C00000000000001 /* ScanActivityAttributes.swift */,
			);
			path = System;
			sourceTree = "<group>";
		};
		0F00040D2C00000000000001 /* Jarvis */ = {
			isa = PBXGroup;
			children = (
				0F0002242C00000000000001 /* JarvisAssistant.swift */,
				0F0002222C00000000000001 /* JarvisTools.swift */,
				0F0002232C00000000000001 /* JarvisVoice.swift */,
				0F0002252C00000000000001 /* JarvisFloatingButton.swift */,
			);
			path = Jarvis;
			sourceTree = "<group>";
		};
		0F00E0062C00000000000001 /* CortexFleetWidgets */ = {
			isa = PBXGroup;
			children = (
				0F00F0012C00000000000001 /* CortexFleetWidgets.swift */,
				0F00F0022C00000000000001 /* ScanLiveActivity.swift */,
				0F00F0032C00000000000001 /* HUDKit.swift */,
				0F00F0032C00000000000001 /* Info.plist */,
				0F00F0042C00000000000001 /* CortexFleetWidgets.entitlements */,
			);
			path = CortexFleetWidgets;
			sourceTree = "<group>";
		};
		0F00040E2C00000000000001 /* Share */ = {
			isa = PBXGroup;
			children = (
				0F00022F2C00000000000001 /* ShareCardTemplates.swift */,
				0F0002302C00000000000001 /* ShareRenderer.swift */,
			);
			path = Share;
			sourceTree = "<group>";
		};
		0F00040F2C00000000000001 /* Notebook */ = {
			isa = PBXGroup;
			children = (
				0F0002312C00000000000001 /* NotebookModels.swift */,
				0F0002322C00000000000001 /* JinaReader.swift */,
				0F0002332C00000000000001 /* TransformTemplates.swift */,
				0F0002342C00000000000001 /* NotebookStore.swift */,
			);
			path = Notebook;
			sourceTree = "<group>";
		};
/* End PBXGroup section */

/* Begin PBXNativeTarget section */
		0F0005012C00000000000001 /* CortexFleet */ = {
			isa = PBXNativeTarget;
			buildConfigurationList = 0F0009012C00000000000001 /* Build configuration list for PBXNativeTarget "CortexFleet" */;
			buildPhases = (
				0F0007012C00000000000001 /* Sources */,
				0F0003012C00000000000001 /* Frameworks */,
				0F0007022C00000000000001 /* Resources */,
				0F00E00C2C00000000000001 /* Embed Foundation Extensions */,
			);
			buildRules = (
			);
			dependencies = (
			);
			dependencies = (
				0F00E00A2C00000000000001 /* PBXTargetDependency */,
			);
			name = CortexFleet;
			packageProductDependencies = (
				0F000A012C00000000000001 /* Citadel */,
			);
			productName = CortexFleet;
			productReference = 0F00020C2C00000000000001 /* CortexFleet.app */;
			productType = "com.apple.product-type.application";
		};
		0F00E0012C00000000000001 /* CortexFleetWidgets */ = {
			isa = PBXNativeTarget;
			buildConfigurationList = 0F00E0072C00000000000001 /* Build configuration list for PBXNativeTarget "CortexFleetWidgets" */;
			buildPhases = (
				0F00E0032C00000000000001 /* Sources */,
				0F00E0042C00000000000001 /* Frameworks */,
				0F00E0052C00000000000001 /* Resources */,
			);
			buildRules = (
			);
			dependencies = (
			);
			name = CortexFleetWidgets;
			productName = CortexFleetWidgets;
			productReference = 0F00E0022C00000000000001 /* CortexFleetWidgets.appex */;
			productType = "com.apple.product-type.app-extension";
		};
/* End PBXNativeTarget section */

/* Begin PBXProject section */
		0F0006012C00000000000001 /* Project object */ = {
			isa = PBXProject;
			attributes = {
				BuildIndependentTargetsInParallel = 1;
				LastSwiftUpdateCheck = 1600;
				LastUpgradeCheck = 1600;
				TargetAttributes = {
					0F0005012C00000000000001 = {
						CreatedOnToolsVersion = 16.0;
					};
				};
			};
			buildConfigurationList = 0F0009022C00000000000001 /* Build configuration list for PBXProject "CortexFleet" */;
			compatibilityVersion = "Xcode 14.0";
			developmentRegion = "zh-Hans";
			hasScannedForEncodings = 0;
			knownRegions = (
				"zh-Hans",
				en,
				Base,
			);
			mainGroup = 0F0004012C00000000000001;
			packageReferences = (
				0F000B012C00000000000001 /* XCRemoteSwiftPackageReference "Citadel" */,
			);
			productRefGroup = 0F0004032C00000000000001 /* Products */;
			projectDirPath = "";
			projectRoot = "";
			targets = (
				0F0005012C00000000000001 /* CortexFleet */,
				0F00E0012C00000000000001 /* CortexFleetWidgets */,
			);
		};
/* End PBXProject section */

/* Begin PBXResourcesBuildPhase section */
		0F00E0052C00000000000001 /* Resources */ = {
			isa = PBXResourcesBuildPhase;
			buildActionMask = 2147483647;
			files = (
			);
			runOnlyForDeploymentPostprocessing = 0;
		};
		0F0007022C00000000000001 /* Resources */ = {
			isa = PBXResourcesBuildPhase;
			buildActionMask = 2147483647;
			files = (
				0F00010A2C00000000000001 /* Assets.xcassets in Resources */,
			);
			runOnlyForDeploymentPostprocessing = 0;
		};
/* End PBXResourcesBuildPhase section */

/* Begin PBXSourcesBuildPhase section */
		0F00E0032C00000000000001 /* Sources */ = {
			isa = PBXSourcesBuildPhase;
			buildActionMask = 2147483647;
			files = (
				0F00F1042C00000000000001 /* CortexFleetWidgets.swift in Sources */,
				0F00F1052C00000000000001 /* ScanLiveActivity.swift in Sources */,
				0F00F1072C00000000000001 /* HUDKit.swift in Sources (widget) */,
				0F00F1012C00000000000001 /* NoteModels.swift in Sources */,
				0F00F1022C00000000000001 /* FeedModels.swift in Sources */,
				0F00F1062C00000000000001 /* NotebookModels.swift in Sources */,
				0F00F1032C00000000000001 /* ScanActivityAttributes.swift in Sources */,
			);
			runOnlyForDeploymentPostprocessing = 0;
		};
		0F0007012C00000000000001 /* Sources */ = {
			isa = PBXSourcesBuildPhase;
			buildActionMask = 2147483647;
			files = (
				0F0001012C00000000000001 /* CortexFleetApp.swift in Sources */,
				0F0001022C00000000000001 /* DeviceModels.swift in Sources */,
				0F0001032C00000000000001 /* CortexAPIClient.swift in Sources */,
				0F0001042C00000000000001 /* FleetStore.swift in Sources */,
				0F0001052C00000000000001 /* FleetDashboardView.swift in Sources */,
				0F0001062C00000000000001 /* DeviceCardView.swift in Sources */,
				0F0001072C00000000000001 /* DeviceDetailView.swift in Sources */,
				0F0001082C00000000000001 /* SettingsView.swift in Sources */,
				0F0001092C00000000000001 /* AddSSHDeviceView.swift in Sources */,
				0F0001102C00000000000001 /* DesignKit.swift in Sources */,
				0F0001382C00000000000001 /* HUDKit.swift in Sources (app) */,
				0F0001112C00000000000001 /* LLMSettings.swift in Sources */,
				0F0001122C00000000000001 /* LLMClient.swift in Sources */,
				0F0001132C00000000000001 /* AppEnvironment.swift in Sources */,
				0F0001142C00000000000001 /* NoteModels.swift in Sources */,
				0F0001152C00000000000001 /* FeedModels.swift in Sources */,
				0F00011C2C00000000000001 /* RSSIngestor.swift in Sources */,
				0F00011D2C00000000000001 /* GitHubRadar.swift in Sources */,
				0F00011E2C00000000000001 /* Judge.swift in Sources */,
				0F00011F2C00000000000001 /* IntelEngine.swift in Sources */,
				0F00012A2C00000000000001 /* SeedCatalog.swift in Sources */,
				0F00012B2C00000000000001 /* RSSHubClient.swift in Sources */,
				0F00012C2C00000000000001 /* Localizer.swift in Sources */,
				0F00012D2C00000000000001 /* FeedDiscovery.swift in Sources */,
				0F00011A2C00000000000001 /* NetworkProbe.swift in Sources */,
				0F00011B2C00000000000001 /* SharedComponents.swift in Sources */,
				0F0001222C00000000000001 /* JarvisTools.swift in Sources */,
				0F0001232C00000000000001 /* JarvisVoice.swift in Sources */,
				0F0001242C00000000000001 /* JarvisAssistant.swift in Sources */,
				0F0001252C00000000000001 /* JarvisFloatingButton.swift in Sources */,
				0F0001262C00000000000001 /* JarvisNotifications.swift in Sources */,
				0F0001272C00000000000001 /* BackgroundRefresh.swift in Sources */,
				0F0001282C00000000000001 /* JarvisIntents.swift in Sources */,
				0F0001292C00000000000001 /* ScanActivityAttributes.swift in Sources */,
				0F0001202C00000000000001 /* OverviewView.swift in Sources */,
				0F00012E2C00000000000001 /* ArticleDetailView.swift in Sources */,
				0F0001312C00000000000001 /* NotebookModels.swift in Sources */,
				0F0001322C00000000000001 /* JinaReader.swift in Sources */,
				0F0001332C00000000000001 /* TransformTemplates.swift in Sources */,
				0F0001342C00000000000001 /* NotebookStore.swift in Sources */,
				0F0001352C00000000000001 /* NotebookView.swift in Sources */,
				0F0001362C00000000000001 /* NotebookDetailView.swift in Sources */,
				0F0001372C00000000000001 /* OnboardingView.swift in Sources */,
				0F00012F2C00000000000001 /* ShareCardTemplates.swift in Sources */,
				0F0001302C00000000000001 /* ShareRenderer.swift in Sources */,
				0F0001212C00000000000001 /* BriefingView.swift in Sources */,
				0F0001162C00000000000001 /* NoteStore.swift in Sources */,
				0F0001172C00000000000001 /* BridgeImporter.swift in Sources */,
				0F0001182C00000000000001 /* NotesView.swift in Sources */,
				0F0001192C00000000000001 /* NoteEditorView.swift in Sources */,
			);
			runOnlyForDeploymentPostprocessing = 0;
		};
/* End PBXSourcesBuildPhase section */

/* Begin XCBuildConfiguration section */
		0F0008012C00000000000001 /* Debug */ = {
			isa = XCBuildConfiguration;
			buildSettings = {
				ALWAYS_SEARCH_USER_PATHS = NO;
				CLANG_ANALYZER_NONNULL = YES;
				CLANG_ANALYZER_NUMBER_OBJECT_CONVERSION = YES_AGGRESSIVE;
				CLANG_CXX_LANGUAGE_STANDARD = "gnu++20";
				CLANG_ENABLE_MODULES = YES;
				CLANG_ENABLE_OBJC_ARC = YES;
				CLANG_ENABLE_OBJC_WEAK = YES;
				CLANG_WARN_BLOCK_CAPTURE_AUTORELEASING = YES;
				CLANG_WARN_BOOL_CONVERSION = YES;
				CLANG_WARN_COMMA = YES;
				CLANG_WARN_CONSTANT_CONVERSION = YES;
				CLANG_WARN_DEPRECATED_OBJC_IMPLEMENTATIONS = YES;
				CLANG_WARN_DIRECT_OBJC_ISA_USAGE = YES_ERROR;
				CLANG_WARN_DOCUMENTATION_COMMENTS = YES;
				CLANG_WARN_EMPTY_BODY = YES;
				CLANG_WARN_ENUM_CONVERSION = YES;
				CLANG_WARN_INFINITE_RECURSION = YES;
				CLANG_WARN_INT_CONVERSION = YES;
				CLANG_WARN_NON_LITERAL_NULL_CONVERSION = YES;
				CLANG_WARN_OBJC_IMPLICIT_RETAIN_SELF = YES;
				CLANG_WARN_OBJC_LITERAL_CONVERSION = YES;
				CLANG_WARN_OBJC_ROOT_CLASS = YES_ERROR;
				CLANG_WARN_QUOTED_INCLUDE_IN_FRAMEWORK_HEADER = YES;
				CLANG_WARN_RANGE_LOOP_ANALYSIS = YES;
				CLANG_WARN_STRICT_PROTOTYPES = YES;
				CLANG_WARN_SUSPICIOUS_MOVE = YES;
				CLANG_WARN_UNGUARDED_AVAILABILITY = YES_AGGRESSIVE;
				CLANG_WARN_UNREACHABLE_CODE = YES;
				CLANG_WARN__DUPLICATE_METHOD_MATCH = YES;
				COPY_PHASE_STRIP = NO;
				DEBUG_INFORMATION_FORMAT = dwarf;
				ENABLE_STRICT_OBJC_MSGSEND = YES;
				ENABLE_TESTABILITY = YES;
				ENABLE_USER_SCRIPT_SANDBOXING = YES;
				GCC_C_LANGUAGE_STANDARD = gnu17;
				GCC_DYNAMIC_NO_PIC = NO;
				GCC_NO_COMMON_BLOCKS = YES;
				GCC_OPTIMIZATION_LEVEL = 0;
				GCC_PREPROCESSOR_DEFINITIONS = (
					"DEBUG=1",
					"$(inherited)",
				);
				GCC_WARN_64_TO_32_BIT_CONVERSION = YES;
				GCC_WARN_ABOUT_RETURN_TYPE = YES_ERROR;
				GCC_WARN_UNDECLARED_SELECTOR = YES;
				GCC_WARN_UNINITIALIZED_AUTOS = YES_AGGRESSIVE;
				GCC_WARN_UNUSED_FUNCTION = YES;
				GCC_WARN_UNUSED_VARIABLE = YES;
				IPHONEOS_DEPLOYMENT_TARGET = 17.0;
				MTL_ENABLE_DEBUG_INFO = INCLUDE_SOURCE;
				MTL_FAST_MATH = YES;
				ONLY_ACTIVE_ARCH = YES;
				SDKROOT = iphoneos;
				SWIFT_ACTIVE_COMPILATION_CONDITIONS = DEBUG;
				SWIFT_OPTIMIZATION_LEVEL = "-Onone";
				SWIFT_VERSION = 5.0;
			};
			name = Debug;
		};
		0F0008022C00000000000001 /* Release */ = {
			isa = XCBuildConfiguration;
			buildSettings = {
				ALWAYS_SEARCH_USER_PATHS = NO;
				CLANG_ANALYZER_NONNULL = YES;
				CLANG_ANALYZER_NUMBER_OBJECT_CONVERSION = YES_AGGRESSIVE;
				CLANG_CXX_LANGUAGE_STANDARD = "gnu++20";
				CLANG_ENABLE_MODULES = YES;
				CLANG_ENABLE_OBJC_ARC = YES;
				CLANG_ENABLE_OBJC_WEAK = YES;
				CLANG_WARN_BLOCK_CAPTURE_AUTORELEASING = YES;
				CLANG_WARN_BOOL_CONVERSION = YES;
				CLANG_WARN_COMMA = YES;
				CLANG_WARN_CONSTANT_CONVERSION = YES;
				CLANG_WARN_DEPRECATED_OBJC_IMPLEMENTATIONS = YES;
				CLANG_WARN_DIRECT_OBJC_ISA_USAGE = YES_ERROR;
				CLANG_WARN_DOCUMENTATION_COMMENTS = YES;
				CLANG_WARN_EMPTY_BODY = YES;
				CLANG_WARN_ENUM_CONVERSION = YES;
				CLANG_WARN_INFINITE_RECURSION = YES;
				CLANG_WARN_INT_CONVERSION = YES;
				CLANG_WARN_NON_LITERAL_NULL_CONVERSION = YES;
				CLANG_WARN_OBJC_IMPLICIT_RETAIN_SELF = YES;
				CLANG_WARN_OBJC_LITERAL_CONVERSION = YES;
				CLANG_WARN_OBJC_ROOT_CLASS = YES_ERROR;
				CLANG_WARN_QUOTED_INCLUDE_IN_FRAMEWORK_HEADER = YES;
				CLANG_WARN_RANGE_LOOP_ANALYSIS = YES;
				CLANG_WARN_STRICT_PROTOTYPES = YES;
				CLANG_WARN_SUSPICIOUS_MOVE = YES;
				CLANG_WARN_UNGUARDED_AVAILABILITY = YES_AGGRESSIVE;
				CLANG_WARN_UNREACHABLE_CODE = YES;
				CLANG_WARN__DUPLICATE_METHOD_MATCH = YES;
				COPY_PHASE_STRIP = NO;
				DEBUG_INFORMATION_FORMAT = "dwarf-with-dsym";
				ENABLE_NS_ASSERTIONS = NO;
				ENABLE_STRICT_OBJC_MSGSEND = YES;
				ENABLE_USER_SCRIPT_SANDBOXING = YES;
				GCC_C_LANGUAGE_STANDARD = gnu17;
				GCC_NO_COMMON_BLOCKS = YES;
				GCC_WARN_64_TO_32_BIT_CONVERSION = YES;
				GCC_WARN_ABOUT_RETURN_TYPE = YES_ERROR;
				GCC_WARN_UNDECLARED_SELECTOR = YES;
				GCC_WARN_UNINITIALIZED_AUTOS = YES_AGGRESSIVE;
				GCC_WARN_UNUSED_FUNCTION = YES;
				GCC_WARN_UNUSED_VARIABLE = YES;
				IPHONEOS_DEPLOYMENT_TARGET = 17.0;
				MTL_ENABLE_DEBUG_INFO = NO;
				MTL_FAST_MATH = YES;
				SDKROOT = iphoneos;
				SWIFT_COMPILATION_MODE = wholemodule;
				SWIFT_OPTIMIZATION_LEVEL = "-O";
				SWIFT_VERSION = 5.0;
				VALIDATE_PRODUCT = YES;
			};
			name = Release;
		};
		0F0008032C00000000000001 /* Debug */ = {
			isa = XCBuildConfiguration;
			buildSettings = {
				CODE_SIGN_ENTITLEMENTS = CortexFleet/CortexFleet.entitlements;
				ASSETCATALOG_COMPILER_APPICON_NAME = AppIcon;
				ASSETCATALOG_COMPILER_GLOBAL_ACCENT_COLOR_NAME = AccentColor;
				CODE_SIGN_STYLE = Automatic;
				CURRENT_PROJECT_VERSION = 12;
				DEVELOPMENT_ASSET_PATHS = "";
				DEVELOPMENT_TEAM = 48H5Y3LNUK;
				GENERATE_INFOPLIST_FILE = NO;
				INFOPLIST_FILE = CortexFleet/Info.plist;
				INFOPLIST_KEY_UIApplicationSceneManifest_Generation = YES;
				INFOPLIST_KEY_UIApplicationSupportsIndirectInputEvents = YES;
				INFOPLIST_KEY_UILaunchScreen_Generation = YES;
				IPHONEOS_DEPLOYMENT_TARGET = 17.0;
				MARKETING_VERSION = 0.1.5;
				PRODUCT_BUNDLE_IDENTIFIER = com.leo.cortexfleet;
				PRODUCT_NAME = "$(TARGET_NAME)";
				SWIFT_EMIT_LOC_STRINGS = YES;
				SWIFT_VERSION = 5.0;
				TARGETED_DEVICE_FAMILY = "1,2";
			};
			name = Debug;
		};
		0F0008042C00000000000001 /* Release */ = {
			isa = XCBuildConfiguration;
			buildSettings = {
				CODE_SIGN_ENTITLEMENTS = CortexFleet/CortexFleet.entitlements;
				ASSETCATALOG_COMPILER_APPICON_NAME = AppIcon;
				ASSETCATALOG_COMPILER_GLOBAL_ACCENT_COLOR_NAME = AccentColor;
				CODE_SIGN_STYLE = Automatic;
				CURRENT_PROJECT_VERSION = 12;
				DEVELOPMENT_ASSET_PATHS = "";
				DEVELOPMENT_TEAM = 48H5Y3LNUK;
				GENERATE_INFOPLIST_FILE = NO;
				INFOPLIST_FILE = CortexFleet/Info.plist;
				INFOPLIST_KEY_UIApplicationSceneManifest_Generation = YES;
				INFOPLIST_KEY_UIApplicationSupportsIndirectInputEvents = YES;
				INFOPLIST_KEY_UILaunchScreen_Generation = YES;
				IPHONEOS_DEPLOYMENT_TARGET = 17.0;
				MARKETING_VERSION = 0.1.5;
				PRODUCT_BUNDLE_IDENTIFIER = com.leo.cortexfleet;
				PRODUCT_NAME = "$(TARGET_NAME)";
				SWIFT_EMIT_LOC_STRINGS = YES;
				SWIFT_VERSION = 5.0;
				TARGETED_DEVICE_FAMILY = "1,2";
			};
			name = Release;
		};
		0F00E0082C00000000000001 /* Debug */ = {
			isa = XCBuildConfiguration;
			buildSettings = {
				ASSETCATALOG_COMPILER_GLOBAL_ACCENT_COLOR_NAME = AccentColor;
				CODE_SIGN_ENTITLEMENTS = CortexFleetWidgets/CortexFleetWidgets.entitlements;
				CODE_SIGN_STYLE = Automatic;
				CURRENT_PROJECT_VERSION = 12;
				DEVELOPMENT_TEAM = 48H5Y3LNUK;
				GENERATE_INFOPLIST_FILE = YES;
				INFOPLIST_FILE = CortexFleetWidgets/Info.plist;
				INFOPLIST_KEY_CFBundleDisplayName = "Jarvis Widgets";
				INFOPLIST_KEY_NSHumanReadableCopyright = "";
				IPHONEOS_DEPLOYMENT_TARGET = 17.0;
				LD_RUNPATH_SEARCH_PATHS = (
					"$(inherited)",
					"@executable_path/Frameworks",
					"@executable_path/../../Frameworks",
				);
				MARKETING_VERSION = 0.1.5;
				PRODUCT_BUNDLE_IDENTIFIER = com.leo.cortexfleet.widgets;
				PRODUCT_NAME = "$(TARGET_NAME)";
				SKIP_INSTALL = YES;
				SWIFT_EMIT_LOC_STRINGS = YES;
				SWIFT_VERSION = 5.0;
				TARGETED_DEVICE_FAMILY = "1,2";
				SWIFT_OPTIMIZATION_LEVEL = "-Onone";
				SWIFT_ACTIVE_COMPILATION_CONDITIONS = "DEBUG $(inherited)";
			};
			name = Debug;
		};
		0F00E0092C00000000000001 /* Release */ = {
			isa = XCBuildConfiguration;
			buildSettings = {
				ASSETCATALOG_COMPILER_GLOBAL_ACCENT_COLOR_NAME = AccentColor;
				CODE_SIGN_ENTITLEMENTS = CortexFleetWidgets/CortexFleetWidgets.entitlements;
				CODE_SIGN_STYLE = Automatic;
				CURRENT_PROJECT_VERSION = 12;
				DEVELOPMENT_TEAM = 48H5Y3LNUK;
				GENERATE_INFOPLIST_FILE = YES;
				INFOPLIST_FILE = CortexFleetWidgets/Info.plist;
				INFOPLIST_KEY_CFBundleDisplayName = "Jarvis Widgets";
				INFOPLIST_KEY_NSHumanReadableCopyright = "";
				IPHONEOS_DEPLOYMENT_TARGET = 17.0;
				LD_RUNPATH_SEARCH_PATHS = (
					"$(inherited)",
					"@executable_path/Frameworks",
					"@executable_path/../../Frameworks",
				);
				MARKETING_VERSION = 0.1.5;
				PRODUCT_BUNDLE_IDENTIFIER = com.leo.cortexfleet.widgets;
				PRODUCT_NAME = "$(TARGET_NAME)";
				SKIP_INSTALL = YES;
				SWIFT_EMIT_LOC_STRINGS = YES;
				SWIFT_VERSION = 5.0;
				TARGETED_DEVICE_FAMILY = "1,2";
				SWIFT_OPTIMIZATION_LEVEL = "-O";
				COPY_PHASE_STRIP = NO;
			};
			name = Release;
		};
/* End XCBuildConfiguration section */

/* Begin XCConfigurationList section */
		0F0009012C00000000000001 /* Build configuration list for PBXNativeTarget "CortexFleet" */ = {
			isa = XCConfigurationList;
			buildConfigurations = (
				0F0008032C00000000000001 /* Debug */,
				0F0008042C00000000000001 /* Release */,
			);
			defaultConfigurationIsVisible = 0;
			defaultConfigurationName = Release;
		};
		0F0009022C00000000000001 /* Build configuration list for PBXProject "CortexFleet" */ = {
			isa = XCConfigurationList;
			buildConfigurations = (
				0F0008012C00000000000001 /* Debug */,
				0F0008022C00000000000001 /* Release */,
			);
			defaultConfigurationIsVisible = 0;
			defaultConfigurationName = Release;
		};
		0F00E0072C00000000000001 /* Build configuration list for PBXNativeTarget "CortexFleetWidgets" */ = {
			isa = XCConfigurationList;
			buildConfigurations = (
				0F00E0082C00000000000001 /* Debug */,
				0F00E0092C00000000000001 /* Release */,
			);
			defaultConfigurationIsVisible = 0;
			defaultConfigurationName = Release;
		};
/* End XCConfigurationList section */

/* Begin XCRemoteSwiftPackageReference section */
		0F000B012C00000000000001 /* XCRemoteSwiftPackageReference "Citadel" */ = {
			isa = XCRemoteSwiftPackageReference;
			repositoryURL = "https://github.com/orlandos-nl/Citadel.git";
			requirement = {
				kind = upToNextMajorVersion;
				minimumVersion = 0.12.1;
			};
		};
/* End XCRemoteSwiftPackageReference section */

/* Begin XCSwiftPackageProductDependency section */
		0F000A012C00000000000001 /* Citadel */ = {
			isa = XCSwiftPackageProductDependency;
			package = 0F000B012C00000000000001 /* XCRemoteSwiftPackageReference "Citadel" */;
			productName = Citadel;
		};
/* End XCSwiftPackageProductDependency section */
	};
	rootObject = 0F0006012C00000000000001 /* Project object */;
}
